
Microsoft Visual Studio Solution File, Format Version 12.00
# Visual Studio Version 16
VisualStudioVersion = 16.0.31605.320
MinimumVisualStudioVersion = 10.0.40219.1
Project("{FAE04EC0-301F-11D3-BF4B-00C04F79EFBC}") = "MyProject", "MyProject.csproj", "{183450F2-7511-4B4D-B206-5A4C625EBFFA}"
EndProject
Global
	GlobalSection(SolutionConfigurationPlatforms) = preSolution
		Debug|Any CPU = Debug|Any CPU
		Release|Any CPU = Release|Any CPU
	EndGlobalSection
	GlobalSection(ProjectConfigurationPlatforms) = postSolution
		{183450F2-7511-4B4D-B206-5A4C625EBFFA}.Debug|Any CPU.ActiveCfg = Debug|Any CPU
		{183450F2-7511-4B4D-B206-5A4C625EBFFA}.Debug|Any CPU.Build.0 = Debug|Any CPU
		{183450F2-7511-4B4D-B206-5A4C625EBFFA}.Release|Any CPU.ActiveCfg = Release|Any CPU
		{183450F2-7511-4B4D-B206-5A4C625EBFFA}.Release|Any CPU.Build.0 = Release|Any CPU
	EndGlobalSection
	GlobalSection(SolutionProperties) = preSolution
		HideSolutionNode = FALSE
	EndGlobalSection
	GlobalSection(ExtensibilityGlobals) = postSolution
		SolutionGuid = {8B19C120-BE42-4197-A8F9-8801E563C3F9}
	EndGlobalSection
EndGlobal
